
Microsoft Visual Studio Solution File, Format Version 12.00
# Visual Studio Version 16
VisualStudioVersion = 16.0.31729.503
MinimumVisualStudioVersion = 10.0.40219.1
Project("{9A19103F-16F7-4668-BE54-9A1E7A4F7556}") = "AksDemo.Api1", "AksDemo.Api1\AksDemo.Api1.csproj", "{C94A653C-32A5-4681-9844-7391C6C24D98}"
EndProject
Project("{9A19103F-16F7-4668-BE54-9A1E7A4F7556}") = "AksDemo.Api2", "AksDemo.Api2\AksDemo.Api2.csproj", "{2C2F1AF0-8DE7-4602-85A2-715C16F5D1C3}"
EndProject
Project("{2150E333-8FDC-42A3-9474-1A3956D46DE8}") = "Solution Items", "Solution Items", "{1416D64C-6C9E-434F-8CA8-EC5C04A6AFD1}"
	ProjectSection(SolutionItems) = preProject
		.gitattributes = .gitattributes
		.gitignore = .gitignore
		.github\workflows\build.yml = .github\workflows\build.yml
		LICENSE = LICENSE
		README.md = README.md
	EndProjectSection
EndProject
Project("{FAE04EC0-301F-11D3-BF4B-00C04F79EFBC}") = "AksDemo.Api1Test", "AksDemo.Api1Test\AksDemo.Api1Test.csproj", "{1D5C8E09-F0B9-4CC2-B1F6-ADD901FAFFEB}"
EndProject
Project("{FAE04EC0-301F-11D3-BF4B-00C04F79EFBC}") = "AksDemo.Api2Test", "AksDemo.Api2Test\AksDemo.Api2Test.csproj", "{C98C4186-99D9-4E61-B3E1-234F1601B6A5}"
EndProject
Global
	GlobalSection(SolutionConfigurationPlatforms) = preSolution
		Debug|Any CPU = Debug|Any CPU
		Release|Any CPU = Release|Any CPU
	EndGlobalSection
	GlobalSection(ProjectConfigurationPlatforms) = postSolution
		{C94A653C-32A5-4681-9844-7391C6C24D98}.Debug|Any CPU.ActiveCfg = Debug|Any CPU
		{C94A653C-32A5-4681-9844-7391C6C24D98}.Debug|Any CPU.Build.0 = Debug|Any CPU
		{C94A653C-32A5-4681-9844-7391C6C24D98}.Release|Any CPU.ActiveCfg = Release|Any CPU
		{C94A653C-32A5-4681-9844-7391C6C24D98}.Release|Any CPU.Build.0 = Release|Any CPU
		{2C2F1AF0-8DE7-4602-85A2-715C16F5D1C3}.Debug|Any CPU.ActiveCfg = Debug|Any CPU
		{2C2F1AF0-8DE7-4602-85A2-715C16F5D1C3}.Debug|Any CPU.Build.0 = Debug|Any CPU
		{2C2F1AF0-8DE7-4602-85A2-715C16F5D1C3}.Release|Any CPU.ActiveCfg = Release|Any CPU
		{2C2F1AF0-8DE7-4602-85A2-715C16F5D1C3}.Release|Any CPU.Build.0 = Release|Any CPU
		{1D5C8E09-F0B9-4CC2-B1F6-ADD901FAFFEB}.Debug|Any CPU.ActiveCfg = Debug|Any CPU
		{1D5C8E09-F0B9-4CC2-B1F6-ADD901FAFFEB}.Debug|Any CPU.Build.0 = Debug|Any CPU
		{1D5C8E09-F0B9-4CC2-B1F6-ADD901FAFFEB}.Release|Any CPU.ActiveCfg = Release|Any CPU
		{1D5C8E09-F0B9-4CC2-B1F6-ADD901FAFFEB}.Release|Any CPU.Build.0 = Release|Any CPU
		{C98C4186-99D9-4E61-B3E1-234F1601B6A5}.Debug|Any CPU.ActiveCfg = Debug|Any CPU
		{C98C4186-99D9-4E61-B3E1-234F1601B6A5}.Debug|Any CPU.Build.0 = Debug|Any CPU
		{C98C4186-99D9-4E61-B3E1-234F1601B6A5}.Release|Any CPU.ActiveCfg = Release|Any CPU
		{C98C4186-99D9-4E61-B3E1-234F1601B6A5}.Release|Any CPU.Build.0 = Release|Any CPU
	EndGlobalSection
	GlobalSection(SolutionProperties) = preSolution
		HideSolutionNode = FALSE
	EndGlobalSection
	GlobalSection(ExtensibilityGlobals) = postSolution
		SolutionGuid = {4E809C9F-D38D-411B-A55E-32D0EE79598E}
	EndGlobalSection
EndGlobal
